
Microsoft Visual Studio Solution File, Format Version 11.00
# Visual Studio 2010
Project("{FAE04EC0-301F-11D3-BF4B-00C04F79EFBC}") = "Assembly-CSharp-firstpass", "Assembly-CSharp-firstpass.csproj", "{840F71C4-A532-E34F-422B-2A49C45E5EBF}"
EndProject
Project("{FAE04EC0-301F-11D3-BF4B-00C04F79EFBC}") = "Assembly-CSharp", "Assembly-CSharp.csproj", "{21FEAE28-D475-DC8D-B708-F7A9327C7A7E}"
EndProject
Global
	GlobalSection(SolutionConfigurationPlatforms) = preSolution
		Debug|Any CPU = Debug|Any CPU
		Release|Any CPU = Release|Any CPU
	EndGlobalSection
	GlobalSection(ProjectConfigurationPlatforms) = postSolution
		{840F71C4-A532-E34F-422B-2A49C45E5EBF}.Debug|Any CPU.ActiveCfg = Debug|Any CPU
		{840F71C4-A532-E34F-422B-2A49C45E5EBF}.Debug|Any CPU.Build.0 = Debug|Any CPU
		{840F71C4-A532-E34F-422B-2A49C45E5EBF}.Release|Any CPU.ActiveCfg = Release|Any CPU
		{840F71C4-A532-E34F-422B-2A49C45E5EBF}.Release|Any CPU.Build.0 = Release|Any CPU
		{21FEAE28-D475-DC8D-B708-F7A9327C7A7E}.Debug|Any CPU.ActiveCfg = Debug|Any CPU
		{21FEAE28-D475-DC8D-B708-F7A9327C7A7E}.Debug|Any CPU.Build.0 = Debug|Any CPU
		{21FEAE28-D475-DC8D-B708-F7A9327C7A7E}.Release|Any CPU.ActiveCfg = Release|Any CPU
		{21FEAE28-D475-DC8D-B708-F7A9327C7A7E}.Release|Any CPU.Build.0 = Release|Any CPU
	EndGlobalSection
	GlobalSection(SolutionProperties) = preSolution
		HideSolutionNode = FALSE
	EndGlobalSection
	GlobalSection(MonoDevelopProperties) = preSolution
		StartupItem = Assembly-CSharp.csproj
	EndGlobalSection
EndGlobal
